
Microsoft Visual Studio Solution File, Format Version 12.00
# Visual Studio Version 17
VisualStudioVersion = 17.5.33502.453
MinimumVisualStudioVersion = 10.0.40219.1
Project("{9A19103F-16F7-4668-BE54-9A1E7A4F7556}") = "APPS", "APPS\APPS.csproj", "{FBA70D5B-6C1B-49CF-9CB5-CCBE9892CDE8}"
EndProject
Project("{2150E333-8FDC-42A3-9474-1A3956D46DE8}") = "GameApp", "GameApp", "{B750E4A5-DDFD-4DE7-B628-1852FD888EED}"
EndProject
Project("{2150E333-8FDC-42A3-9474-1A3956D46DE8}") = "Game.API", "Game.API", "{31A72734-1EB9-4792-978F-BB6BAEBDBDC2}"
EndProject
Project("{9A19103F-16F7-4668-BE54-9A1E7A4F7556}") = "GameProject", "..\GameProject\GameProject\GameProject.csproj", "{B64540BF-AA42-4CF2-A1BF-C8B523131917}"
EndProject
Project("{2150E333-8FDC-42A3-9474-1A3956D46DE8}") = "Game.BL", "Game.BL", "{6AD9492C-7782-4471-8BE4-BBC2CBCE74FF}"
EndProject
Project("{9A19103F-16F7-4668-BE54-9A1E7A4F7556}") = "Game.BL", "..\GameProject\Game.BL\Game.BL.csproj", "{AEBA9C7B-0D3C-464A-A0A5-BAF898F85961}"
EndProject
Project("{2150E333-8FDC-42A3-9474-1A3956D46DE8}") = "Game.DL", "Game.DL", "{CE1D4211-F2E6-401F-B834-0B2E4ED933EE}"
EndProject
Project("{9A19103F-16F7-4668-BE54-9A1E7A4F7556}") = "Game.DL", "..\GameProject\Game.DL\Game.DL.csproj", "{D36E08D3-32E9-44D8-886E-0EFFC99FDE5E}"
EndProject
Project("{2150E333-8FDC-42A3-9474-1A3956D46DE8}") = "Game.Domain", "Game.Domain", "{77A5DC8C-4921-4FA8-A9C3-3C4AF9BEE795}"
EndProject
Project("{9A19103F-16F7-4668-BE54-9A1E7A4F7556}") = "Game.Domain", "..\GameProject\Game.Core\Game.Domain.csproj", "{B61398B1-EF15-4711-855B-7CDB86E8EFCB}"
EndProject
Project("{2150E333-8FDC-42A3-9474-1A3956D46DE8}") = "Game.Shared", "Game.Shared", "{8D8139ED-62E0-42D3-8DD4-53D2C3016C14}"
EndProject
Project("{9A19103F-16F7-4668-BE54-9A1E7A4F7556}") = "Game.Shared", "..\GameProject\Game.Shared\Game.Shared.csproj", "{31DD2F8B-FDFD-4607-9039-D50F94EFFE6E}"
EndProject
Global
	GlobalSection(SolutionConfigurationPlatforms) = preSolution
		Debug|Any CPU = Debug|Any CPU
		Release|Any CPU = Release|Any CPU
	EndGlobalSection
	GlobalSection(ProjectConfigurationPlatforms) = postSolution
		{FBA70D5B-6C1B-49CF-9CB5-CCBE9892CDE8}.Debug|Any CPU.ActiveCfg = Debug|Any CPU
		{FBA70D5B-6C1B-49CF-9CB5-CCBE9892CDE8}.Debug|Any CPU.Build.0 = Debug|Any CPU
		{FBA70D5B-6C1B-49CF-9CB5-CCBE9892CDE8}.Release|Any CPU.ActiveCfg = Release|Any CPU
		{FBA70D5B-6C1B-49CF-9CB5-CCBE9892CDE8}.Release|Any CPU.Build.0 = Release|Any CPU
		{B64540BF-AA42-4CF2-A1BF-C8B523131917}.Debug|Any CPU.ActiveCfg = Debug|Any CPU
		{B64540BF-AA42-4CF2-A1BF-C8B523131917}.Debug|Any CPU.Build.0 = Debug|Any CPU
		{B64540BF-AA42-4CF2-A1BF-C8B523131917}.Release|Any CPU.ActiveCfg = Release|Any CPU
		{B64540BF-AA42-4CF2-A1BF-C8B523131917}.Release|Any CPU.Build.0 = Release|Any CPU
		{AEBA9C7B-0D3C-464A-A0A5-BAF898F85961}.Debug|Any CPU.ActiveCfg = Debug|Any CPU
		{AEBA9C7B-0D3C-464A-A0A5-BAF898F85961}.Debug|Any CPU.Build.0 = Debug|Any CPU
		{AEBA9C7B-0D3C-464A-A0A5-BAF898F85961}.Release|Any CPU.ActiveCfg = Release|Any CPU
		{AEBA9C7B-0D3C-464A-A0A5-BAF898F85961}.Release|Any CPU.Build.0 = Release|Any CPU
		{D36E08D3-32E9-44D8-886E-0EFFC99FDE5E}.Debug|Any CPU.ActiveCfg = Debug|Any CPU
		{D36E08D3-32E9-44D8-886E-0EFFC99FDE5E}.Debug|Any CPU.Build.0 = Debug|Any CPU
		{D36E08D3-32E9-44D8-886E-0EFFC99FDE5E}.Release|Any CPU.ActiveCfg = Release|Any CPU
		{D36E08D3-32E9-44D8-886E-0EFFC99FDE5E}.Release|Any CPU.Build.0 = Release|Any CPU
		{B61398B1-EF15-4711-855B-7CDB86E8EFCB}.Debug|Any CPU.ActiveCfg = Debug|Any CPU
		{B61398B1-EF15-4711-855B-7CDB86E8EFCB}.Debug|Any CPU.Build.0 = Debug|Any CPU
		{B61398B1-EF15-4711-855B-7CDB86E8EFCB}.Release|Any CPU.ActiveCfg = Release|Any CPU
		{B61398B1-EF15-4711-855B-7CDB86E8EFCB}.Release|Any CPU.Build.0 = Release|Any CPU
		{31DD2F8B-FDFD-4607-9039-D50F94EFFE6E}.Debug|Any CPU.ActiveCfg = Debug|Any CPU
		{31DD2F8B-FDFD-4607-9039-D50F94EFFE6E}.Debug|Any CPU.Build.0 = Debug|Any CPU
		{31DD2F8B-FDFD-4607-9039-D50F94EFFE6E}.Release|Any CPU.ActiveCfg = Release|Any CPU
		{31DD2F8B-FDFD-4607-9039-D50F94EFFE6E}.Release|Any CPU.Build.0 = Release|Any CPU
	EndGlobalSection
	GlobalSection(SolutionProperties) = preSolution
		HideSolutionNode = FALSE
	EndGlobalSection
	GlobalSection(NestedProjects) = preSolution
		{31A72734-1EB9-4792-978F-BB6BAEBDBDC2} = {B750E4A5-DDFD-4DE7-B628-1852FD888EED}
		{B64540BF-AA42-4CF2-A1BF-C8B523131917} = {31A72734-1EB9-4792-978F-BB6BAEBDBDC2}
		{6AD9492C-7782-4471-8BE4-BBC2CBCE74FF} = {B750E4A5-DDFD-4DE7-B628-1852FD888EED}
		{AEBA9C7B-0D3C-464A-A0A5-BAF898F85961} = {6AD9492C-7782-4471-8BE4-BBC2CBCE74FF}
		{CE1D4211-F2E6-401F-B834-0B2E4ED933EE} = {B750E4A5-DDFD-4DE7-B628-1852FD888EED}
		{D36E08D3-32E9-44D8-886E-0EFFC99FDE5E} = {CE1D4211-F2E6-401F-B834-0B2E4ED933EE}
		{77A5DC8C-4921-4FA8-A9C3-3C4AF9BEE795} = {B750E4A5-DDFD-4DE7-B628-1852FD888EED}
		{B61398B1-EF15-4711-855B-7CDB86E8EFCB} = {77A5DC8C-4921-4FA8-A9C3-3C4AF9BEE795}
		{8D8139ED-62E0-42D3-8DD4-53D2C3016C14} = {B750E4A5-DDFD-4DE7-B628-1852FD888EED}
		{31DD2F8B-FDFD-4607-9039-D50F94EFFE6E} = {8D8139ED-62E0-42D3-8DD4-53D2C3016C14}
	EndGlobalSection
	GlobalSection(ExtensibilityGlobals) = postSolution
		SolutionGuid = {4C9E20EF-162A-441D-BE6C-2B9FE3DFBA11}
	EndGlobalSection
EndGlobal
